<?xml version="1.0" encoding="utf-8"?>
<Project ToolsVersion="4.0" xmlns="http://schemas.microsoft.com/developer/msbuild/2003">
  <ItemGroup>
    <Filter Include="Source Files">
      <UniqueIdentifier>{4FC737F1-C7A5-4376-A066-2A32D752A2FF}</UniqueIdentifier>
      <Extensions>cpp;c;cc;cxx;c++;cppm;ixx;def;odl;idl;hpj;bat;asm;asmx</Extensions>
    </Filter>
    <Filter Include="Resource Files">
      <UniqueIdentifier>{67DA6AB6-F800-4c08-8B7A-83BB121AAD01}</UniqueIdentifier>
      <Extensions>rc;ico;cur;bmp;dlg;rc2;rct;bin;rgs;gif;jpg;jpeg;jpe;resx;tiff;tif;png;wav;mfcribbon-ms</Extensions>
    </Filter>
    <Filter Include="Engine">
      <UniqueIdentifier>{c0412e8d-2c6d-49f9-98b2-ba7d8d7bbb37}</UniqueIdentifier>
    </Filter>
    <Filter Include="Shaders">
      <UniqueIdentifier>{6153181c-b304-4429-97ce-614d0e79ca18}</UniqueIdentifier>
    </Filter>
    <Filter Include="Entities">
      <UniqueIdentifier>{f09b862b-8394-49dd-a618-48671ad718cd}</UniqueIdentifier>
    </Filter>
    <Filter Include="GameStateSpecifics">
      <UniqueIdentifier>{74bfe1c8-5393-4a76-a211-166ee8ca2db4}</UniqueIdentifier>
    </Filter>
    <Filter Include="GameStateSpecifics\PlayState">
      <UniqueIdentifier>{b442d853-7379-4fb2-9776-a400161e32bd}</UniqueIdentifier>
    </Filter>
    <Filter Include="GameStateSpecifics\MainMenu">
      <UniqueIdentifier>{50c5d9d3-ea0d-4d34-bb02-2a9e5c86bf83}</UniqueIdentifier>
    </Filter>
    <Filter Include="GameStateSpecifics\GameOver">
      <UniqueIdentifier>{bc9a8ec2-62b9-4cfb-bfbb-cf86282a8922}</UniqueIdentifier>
    </Filter>
  </ItemGroup>
  <ItemGroup>
    <ClCompile Include="Main.cpp">
      <Filter>Source Files</Filter>
    </ClCompile>
    <ClCompile Include="Engine\Animation.cpp">
      <Filter>Engine</Filter>
    </ClCompile>
    <ClCompile Include="Engine\Button.cpp">
      <Filter>Engine</Filter>
    </ClCompile>
    <ClCompile Include="Engine\Game.cpp">
      <Filter>Engine</Filter>
    </ClCompile>
    <ClCompile Include="Engine\GameState.cpp">
      <Filter>Engine</Filter>
    </ClCompile>
    <ClCompile Include="Engine\OutlineText.cpp">
      <Filter>Engine</Filter>
    </ClCompile>
    <ClCompile Include="Engine\RenderEntity.cpp">
      <Filter>Engine</Filter>
    </ClCompile>
    <ClCompile Include="Engine\Renderer.cpp">
      <Filter>Engine</Filter>
    </ClCompile>
    <ClCompile Include="Engine\ResTranslator.cpp">
      <Filter>Engine</Filter>
    </ClCompile>
    <ClCompile Include="Engine\SettingsHandler.cpp">
      <Filter>Engine</Filter>
    </ClCompile>
    <ClCompile Include="Engine\SMath.cpp">
      <Filter>Engine</Filter>
    </ClCompile>
    <ClCompile Include="Entities\Collectible.cpp">
      <Filter>Entities</Filter>
    </ClCompile>
    <ClCompile Include="Entities\Enemy.cpp">
      <Filter>Entities</Filter>
    </ClCompile>
    <ClCompile Include="Entities\Goal.cpp">
      <Filter>Entities</Filter>
    </ClCompile>
    <ClCompile Include="Entities\Grenade.cpp">
      <Filter>Entities</Filter>
    </ClCompile>
    <ClCompile Include="Entities\GrenadeExplosion.cpp">
      <Filter>Entities</Filter>
    </ClCompile>
    <ClCompile Include="Entities\Player.cpp">
      <Filter>Entities</Filter>
    </ClCompile>
    <ClCompile Include="GameStateSpecifics\GameStatsHandler.cpp">
      <Filter>GameStateSpecifics</Filter>
    </ClCompile>
    <ClCompile Include="GameStateSpecifics\GameOver\GameOverState.cpp">
      <Filter>GameStateSpecifics\GameOver</Filter>
    </ClCompile>
    <ClCompile Include="GameStateSpecifics\MainMenu\MainMenuState.cpp">
      <Filter>GameStateSpecifics\MainMenu</Filter>
    </ClCompile>
    <ClCompile Include="GameStateSpecifics\PlayState\CollisionHandler.cpp">
      <Filter>GameStateSpecifics\PlayState</Filter>
    </ClCompile>
    <ClCompile Include="GameStateSpecifics\PlayState\EntityHandler.cpp">
      <Filter>GameStateSpecifics\PlayState</Filter>
    </ClCompile>
    <ClCompile Include="GameStateSpecifics\PlayState\MapHandler.cpp">
      <Filter>GameStateSpecifics\PlayState</Filter>
    </ClCompile>
    <ClCompile Include="GameStateSpecifics\PlayState\PlayState.cpp">
      <Filter>GameStateSpecifics\PlayState</Filter>
    </ClCompile>
    <ClCompile Include="GameStateSpecifics\PlayState\UI.cpp">
      <Filter>GameStateSpecifics\PlayState</Filter>
    </ClCompile>
  </ItemGroup>
  <ItemGroup>
    <ClInclude Include="Engine\Animation.h">
      <Filter>Engine</Filter>
    </ClInclude>
    <ClInclude Include="Engine\Button.h">
      <Filter>Engine</Filter>
    </ClInclude>
    <ClInclude Include="Engine\Game.h">
      <Filter>Engine</Filter>
    </ClInclude>
    <ClInclude Include="Engine\GameState.h">
      <Filter>Engine</Filter>
    </ClInclude>
    <ClInclude Include="Engine\OutlineText.h">
      <Filter>Engine</Filter>
    </ClInclude>
    <ClInclude Include="Engine\RenderEntity.h">
      <Filter>Engine</Filter>
    </ClInclude>
    <ClInclude Include="Engine\Renderer.h">
      <Filter>Engine</Filter>
    </ClInclude>
    <ClInclude Include="Engine\ResTranslator.h">
      <Filter>Engine</Filter>
    </ClInclude>
    <ClInclude Include="Engine\SettingsHandler.h">
      <Filter>Engine</Filter>
    </ClInclude>
    <ClInclude Include="Engine\SMath.h">
      <Filter>Engine</Filter>
    </ClInclude>
    <ClInclude Include="Entities\Collectible.h">
      <Filter>Entities</Filter>
    </ClInclude>
    <ClInclude Include="Entities\Enemy.h">
      <Filter>Entities</Filter>
    </ClInclude>
    <ClInclude Include="Entities\Goal.h">
      <Filter>Entities</Filter>
    </ClInclude>
    <ClInclude Include="Entities\Grenade.h">
      <Filter>Entities</Filter>
    </ClInclude>
    <ClInclude Include="Entities\GrenadeExplosion.h">
      <Filter>Entities</Filter>
    </ClInclude>
    <ClInclude Include="Entities\Player.h">
      <Filter>Entities</Filter>
    </ClInclude>
    <ClInclude Include="GameStateSpecifics\GameStatsHandler.h">
      <Filter>GameStateSpecifics</Filter>
    </ClInclude>
    <ClInclude Include="GameStateSpecifics\GameOver\GameOverState.h">
      <Filter>GameStateSpecifics\GameOver</Filter>
    </ClInclude>
    <ClInclude Include="GameStateSpecifics\MainMenu\MainMenuState.h">
      <Filter>GameStateSpecifics\MainMenu</Filter>
    </ClInclude>
    <ClInclude Include="GameStateSpecifics\PlayState\CollisionHandler.h">
      <Filter>GameStateSpecifics\PlayState</Filter>
    </ClInclude>
    <ClInclude Include="GameStateSpecifics\PlayState\EntityHandler.h">
      <Filter>GameStateSpecifics\PlayState</Filter>
    </ClInclude>
    <ClInclude Include="GameStateSpecifics\PlayState\MapHandler.h">
      <Filter>GameStateSpecifics\PlayState</Filter>
    </ClInclude>
    <ClInclude Include="GameStateSpecifics\PlayState\PlayState.h">
      <Filter>GameStateSpecifics\PlayState</Filter>
    </ClInclude>
    <ClInclude Include="GameStateSpecifics\PlayState\UI.h">
      <Filter>GameStateSpecifics\PlayState</Filter>
    </ClInclude>
  </ItemGroup>
  <ItemGroup>
    <None Include="Resources\Shaders\PostProcessing_Frag.glsl">
      <Filter>Shaders</Filter>
    </None>
    <None Include="Resources\Shaders\PostProcessing_Vert.glsl">
      <Filter>Shaders</Filter>
    </None>
    <None Include="Resources\Shaders\AbilityIcon_Frag.glsl">
      <Filter>Shaders</Filter>
    </None>
    <None Include="Resources\Shaders\AbilityIcon_Vert.glsl">
      <Filter>Shaders</Filter>
    </None>
    <None Include="Resources\Shaders\RayCastCompositing_Frag.glsl">
      <Filter>Shaders</Filter>
    </None>
    <None Include="Resources\Shaders\RayCastCompositing_Vert.glsl">
      <Filter>Shaders</Filter>
    </None>
    <None Include="Resources\Shaders\RayCastMain_Frag.glsl">
      <Filter>Shaders</Filter>
    </None>
    <None Include="Resources\Shaders\RayCastMain_Vert.glsl">
      <Filter>Shaders</Filter>
    </None>
  </ItemGroup>
</Project>