<?xml version="1.0" encoding="utf-8"?>
<Project ToolsVersion="4.0" xmlns="http://schemas.microsoft.com/developer/msbuild/2003">
  <ItemGroup>
    <Filter Include="Source Files">
      <UniqueIdentifier>{4FC737F1-C7A5-4376-A066-2A32D752A2FF}</UniqueIdentifier>
      <Extensions>cpp;c;cc;cxx;c++;cppm;ixx;def;odl;idl;hpj;bat;asm;asmx</Extensions>
    </Filter>
    <Filter Include="Resource Files">
      <UniqueIdentifier>{67DA6AB6-F800-4c08-8B7A-83BB121AAD01}</UniqueIdentifier>
      <Extensions>rc;ico;cur;bmp;dlg;rc2;rct;bin;rgs;gif;jpg;jpeg;jpe;resx;tiff;tif;png;wav;mfcribbon-ms</Extensions>
    </Filter>
    <Filter Include="Engine">
      <UniqueIdentifier>{c0412e8d-2c6d-49f9-98b2-ba7d8d7bbb37}</UniqueIdentifier>
    </Filter>
    <Filter Include="GameStates">
      <UniqueIdentifier>{74bfe1c8-5393-4a76-a211-166ee8ca2db4}</UniqueIdentifier>
    </Filter>
    <Filter Include="Shaders">
      <UniqueIdentifier>{6153181c-b304-4429-97ce-614d0e79ca18}</UniqueIdentifier>
    </Filter>
    <Filter Include="Entities">
      <UniqueIdentifier>{f09b862b-8394-49dd-a618-48671ad718cd}</UniqueIdentifier>
    </Filter>
  </ItemGroup>
  <ItemGroup>
    <ClCompile Include="Main.cpp">
      <Filter>Source Files</Filter>
    </ClCompile>
    <ClCompile Include="Game.cpp">
      <Filter>Engine</Filter>
    </ClCompile>
    <ClCompile Include="SettingsHandler.cpp">
      <Filter>Engine</Filter>
    </ClCompile>
    <ClCompile Include="GameState.cpp">
      <Filter>Engine</Filter>
    </ClCompile>
    <ClCompile Include="MainMenuState.cpp">
      <Filter>GameStates</Filter>
    </ClCompile>
    <ClCompile Include="Button.cpp">
      <Filter>Engine</Filter>
    </ClCompile>
    <ClCompile Include="PlayState.cpp">
      <Filter>GameStates</Filter>
    </ClCompile>
    <ClCompile Include="UITranslator.cpp">
      <Filter>Engine</Filter>
    </ClCompile>
    <ClCompile Include="Player.cpp">
      <Filter>Entities</Filter>
    </ClCompile>
    <ClCompile Include="EntityHandler.cpp">
      <Filter>Entities</Filter>
    </ClCompile>
    <ClCompile Include="Renderer.cpp">
      <Filter>Engine</Filter>
    </ClCompile>
  </ItemGroup>
  <ItemGroup>
    <ClInclude Include="Game.h">
      <Filter>Engine</Filter>
    </ClInclude>
    <ClInclude Include="SettingsHandler.h">
      <Filter>Engine</Filter>
    </ClInclude>
    <ClInclude Include="GameState.h">
      <Filter>Engine</Filter>
    </ClInclude>
    <ClInclude Include="MainMenuState.h">
      <Filter>GameStates</Filter>
    </ClInclude>
    <ClInclude Include="Button.h">
      <Filter>Engine</Filter>
    </ClInclude>
    <ClInclude Include="PlayState.h">
      <Filter>GameStates</Filter>
    </ClInclude>
    <ClInclude Include="UITranslator.h">
      <Filter>Engine</Filter>
    </ClInclude>
    <ClInclude Include="Player.h">
      <Filter>Entities</Filter>
    </ClInclude>
    <ClInclude Include="EntityHandler.h">
      <Filter>Entities</Filter>
    </ClInclude>
    <ClInclude Include="Renderer.h">
      <Filter>Engine</Filter>
    </ClInclude>
  </ItemGroup>
  <ItemGroup>
    <None Include="Resources\Shaders\RayCast_Frag.glsl">
      <Filter>Shaders</Filter>
    </None>
    <None Include="Resources\Shaders\RayCast_Vert.glsl">
      <Filter>Shaders</Filter>
    </None>
    <None Include="Resources\Shaders\PostProcessing_Frag.glsl">
      <Filter>Shaders</Filter>
    </None>
    <None Include="Resources\Shaders\PostProcessing_Vert.glsl">
      <Filter>Shaders</Filter>
    </None>
  </ItemGroup>
</Project>