<?xml version="1.0" encoding="utf-8"?>
<Project ToolsVersion="4.0" xmlns="http://schemas.microsoft.com/developer/msbuild/2003">
  <ItemGroup>
    <Filter Include="Source Files">
      <UniqueIdentifier>{4FC737F1-C7A5-4376-A066-2A32D752A2FF}</UniqueIdentifier>
      <Extensions>cpp;c;cc;cxx;c++;cppm;ixx;def;odl;idl;hpj;bat;asm;asmx</Extensions>
    </Filter>
    <Filter Include="Resource Files">
      <UniqueIdentifier>{67DA6AB6-F800-4c08-8B7A-83BB121AAD01}</UniqueIdentifier>
      <Extensions>rc;ico;cur;bmp;dlg;rc2;rct;bin;rgs;gif;jpg;jpeg;jpe;resx;tiff;tif;png;wav;mfcribbon-ms</Extensions>
    </Filter>
    <Filter Include="Engine">
      <UniqueIdentifier>{c0412e8d-2c6d-49f9-98b2-ba7d8d7bbb37}</UniqueIdentifier>
    </Filter>
    <Filter Include="Shaders">
      <UniqueIdentifier>{6153181c-b304-4429-97ce-614d0e79ca18}</UniqueIdentifier>
    </Filter>
    <Filter Include="Entities">
      <UniqueIdentifier>{f09b862b-8394-49dd-a618-48671ad718cd}</UniqueIdentifier>
    </Filter>
    <Filter Include="GameStateSpecifics">
      <UniqueIdentifier>{74bfe1c8-5393-4a76-a211-166ee8ca2db4}</UniqueIdentifier>
    </Filter>
    <Filter Include="GameStateSpecifics\PlayState">
      <UniqueIdentifier>{b442d853-7379-4fb2-9776-a400161e32bd}</UniqueIdentifier>
    </Filter>
    <Filter Include="GameStateSpecifics\MainMenu">
      <UniqueIdentifier>{50c5d9d3-ea0d-4d34-bb02-2a9e5c86bf83}</UniqueIdentifier>
    </Filter>
    <Filter Include="GameStateSpecifics\GameOver">
      <UniqueIdentifier>{bc9a8ec2-62b9-4cfb-bfbb-cf86282a8922}</UniqueIdentifier>
    </Filter>
  </ItemGroup>
  <ItemGroup>
    <ClCompile Include="Main.cpp">
      <Filter>Source Files</Filter>
    </ClCompile>
    <ClCompile Include="Game.cpp">
      <Filter>Engine</Filter>
    </ClCompile>
    <ClCompile Include="SettingsHandler.cpp">
      <Filter>Engine</Filter>
    </ClCompile>
    <ClCompile Include="GameState.cpp">
      <Filter>Engine</Filter>
    </ClCompile>
    <ClCompile Include="Button.cpp">
      <Filter>Engine</Filter>
    </ClCompile>
    <ClCompile Include="Player.cpp">
      <Filter>Entities</Filter>
    </ClCompile>
    <ClCompile Include="Renderer.cpp">
      <Filter>Engine</Filter>
    </ClCompile>
    <ClCompile Include="PlayState.cpp">
      <Filter>GameStateSpecifics\PlayState</Filter>
    </ClCompile>
    <ClCompile Include="EntityHandler.cpp">
      <Filter>GameStateSpecifics\PlayState</Filter>
    </ClCompile>
    <ClCompile Include="UI.cpp">
      <Filter>GameStateSpecifics\PlayState</Filter>
    </ClCompile>
    <ClCompile Include="SMath.cpp">
      <Filter>Engine</Filter>
    </ClCompile>
    <ClCompile Include="MapHandler.cpp">
      <Filter>GameStateSpecifics\PlayState</Filter>
    </ClCompile>
    <ClCompile Include="Goal.cpp">
      <Filter>Entities</Filter>
    </ClCompile>
    <ClCompile Include="ResTranslator.cpp">
      <Filter>Engine</Filter>
    </ClCompile>
    <ClCompile Include="MainMenuState.cpp">
      <Filter>GameStateSpecifics\MainMenu</Filter>
    </ClCompile>
    <ClCompile Include="CollisionHandler.cpp">
      <Filter>GameStateSpecifics\PlayState</Filter>
    </ClCompile>
    <ClCompile Include="GameOverState.cpp">
      <Filter>GameStateSpecifics\GameOver</Filter>
    </ClCompile>
    <ClCompile Include="GameStatsHandler.cpp">
      <Filter>GameStateSpecifics</Filter>
    </ClCompile>
    <ClCompile Include="Animation.cpp">
      <Filter>Engine</Filter>
    </ClCompile>
    <ClCompile Include="Collectible.cpp">
      <Filter>Entities</Filter>
    </ClCompile>
    <ClCompile Include="RenderEntity.cpp">
      <Filter>Engine</Filter>
    </ClCompile>
    <ClCompile Include="Grenade.cpp">
      <Filter>Entities</Filter>
    </ClCompile>
    <ClCompile Include="GrenadeExplosion.cpp">
      <Filter>Entities</Filter>
    </ClCompile>
  </ItemGroup>
  <ItemGroup>
    <ClInclude Include="Game.h">
      <Filter>Engine</Filter>
    </ClInclude>
    <ClInclude Include="SettingsHandler.h">
      <Filter>Engine</Filter>
    </ClInclude>
    <ClInclude Include="GameState.h">
      <Filter>Engine</Filter>
    </ClInclude>
    <ClInclude Include="Button.h">
      <Filter>Engine</Filter>
    </ClInclude>
    <ClInclude Include="Player.h">
      <Filter>Entities</Filter>
    </ClInclude>
    <ClInclude Include="Renderer.h">
      <Filter>Engine</Filter>
    </ClInclude>
    <ClInclude Include="PlayState.h">
      <Filter>GameStateSpecifics\PlayState</Filter>
    </ClInclude>
    <ClInclude Include="EntityHandler.h">
      <Filter>GameStateSpecifics\PlayState</Filter>
    </ClInclude>
    <ClInclude Include="UI.h">
      <Filter>GameStateSpecifics\PlayState</Filter>
    </ClInclude>
    <ClInclude Include="SMath.h">
      <Filter>Engine</Filter>
    </ClInclude>
    <ClInclude Include="MapHandler.h">
      <Filter>GameStateSpecifics\PlayState</Filter>
    </ClInclude>
    <ClInclude Include="Goal.h">
      <Filter>Entities</Filter>
    </ClInclude>
    <ClInclude Include="ResTranslator.h">
      <Filter>Engine</Filter>
    </ClInclude>
    <ClInclude Include="MainMenuState.h">
      <Filter>GameStateSpecifics\MainMenu</Filter>
    </ClInclude>
    <ClInclude Include="CollisionHandler.h">
      <Filter>GameStateSpecifics\PlayState</Filter>
    </ClInclude>
    <ClInclude Include="GameOverState.h">
      <Filter>GameStateSpecifics\GameOver</Filter>
    </ClInclude>
    <ClInclude Include="GameStatsHandler.h">
      <Filter>GameStateSpecifics</Filter>
    </ClInclude>
    <ClInclude Include="Animation.h">
      <Filter>Engine</Filter>
    </ClInclude>
    <ClInclude Include="Collectible.h">
      <Filter>Entities</Filter>
    </ClInclude>
    <ClInclude Include="RenderEntity.h">
      <Filter>Engine</Filter>
    </ClInclude>
    <ClInclude Include="Grenade.h">
      <Filter>Entities</Filter>
    </ClInclude>
    <ClInclude Include="GrenadeExplosion.h">
      <Filter>Entities</Filter>
    </ClInclude>
  </ItemGroup>
  <ItemGroup>
    <None Include="Resources\Shaders\RayCast_Frag.glsl">
      <Filter>Shaders</Filter>
    </None>
    <None Include="Resources\Shaders\RayCast_Vert.glsl">
      <Filter>Shaders</Filter>
    </None>
    <None Include="Resources\Shaders\PostProcessing_Frag.glsl">
      <Filter>Shaders</Filter>
    </None>
    <None Include="Resources\Shaders\PostProcessing_Vert.glsl">
      <Filter>Shaders</Filter>
    </None>
    <None Include="Resources\Shaders\AbilityIcon_Frag.glsl">
      <Filter>Shaders</Filter>
    </None>
    <None Include="Resources\Shaders\AbilityIcon_Vert.glsl">
      <Filter>Shaders</Filter>
    </None>
  </ItemGroup>
</Project>